
Microsoft Visual Studio Solution File, Format Version 12.00
# Visual Studio Version 17
VisualStudioVersion = 17.5.002.0
MinimumVisualStudioVersion = 10.0.40219.1
Project("{9A19103F-16F7-4668-BE54-9A1E7A4F7556}") = "MonopolyCardModifier", "MonopolyCardModifier.csproj", "{16623657-F0F7-410B-9B6C-F1E1F4B74852}"
EndProject
Global
	GlobalSection(SolutionConfigurationPlatforms) = preSolution
		Debug|Any CPU = Debug|Any CPU
		Release|Any CPU = Release|Any CPU
	EndGlobalSection
	GlobalSection(ProjectConfigurationPlatforms) = postSolution
		{16623657-F0F7-410B-9B6C-F1E1F4B74852}.Debug|Any CPU.ActiveCfg = Debug|Any CPU
		{16623657-F0F7-410B-9B6C-F1E1F4B74852}.Debug|Any CPU.Build.0 = Debug|Any CPU
		{16623657-F0F7-410B-9B6C-F1E1F4B74852}.Release|Any CPU.ActiveCfg = Release|Any CPU
		{16623657-F0F7-410B-9B6C-F1E1F4B74852}.Release|Any CPU.Build.0 = Release|Any CPU
	EndGlobalSection
	GlobalSection(SolutionProperties) = preSolution
		HideSolutionNode = FALSE
	EndGlobalSection
	GlobalSection(ExtensibilityGlobals) = postSolution
		SolutionGuid = {85769E0A-60D8-474C-A0CB-A7CE5DE15E4E}
	EndGlobalSection
EndGlobal
